
Microsoft Visual Studio Solution File, Format Version 12.00
# Visual Studio Version 16
VisualStudioVersion = 16.0.30114.105
MinimumVisualStudioVersion = 10.0.40219.1
Project("{FAE04EC0-301F-11D3-BF4B-00C04F79EFBC}") = "WPF Balloon Popping Game Moo ICT", "WPF Balloon Popping Game Moo ICT\WPF Balloon Popping Game Moo ICT.csproj", "{279675A8-0F15-4BF7-9FBB-5542B0E4D2C5}"
EndProject
Global
	GlobalSection(SolutionConfigurationPlatforms) = preSolution
		Debug|Any CPU = Debug|Any CPU
		Release|Any CPU = Release|Any CPU
	EndGlobalSection
	GlobalSection(ProjectConfigurationPlatforms) = postSolution
		{279675A8-0F15-4BF7-9FBB-5542B0E4D2C5}.Debug|Any CPU.ActiveCfg = Debug|Any CPU
		{279675A8-0F15-4BF7-9FBB-5542B0E4D2C5}.Debug|Any CPU.Build.0 = Debug|Any CPU
		{279675A8-0F15-4BF7-9FBB-5542B0E4D2C5}.Release|Any CPU.ActiveCfg = Release|Any CPU
		{279675A8-0F15-4BF7-9FBB-5542B0E4D2C5}.Release|Any CPU.Build.0 = Release|Any CPU
	EndGlobalSection
	GlobalSection(SolutionProperties) = preSolution
		HideSolutionNode = FALSE
	EndGlobalSection
	GlobalSection(ExtensibilityGlobals) = postSolution
		SolutionGuid = {235DDBE1-AD68-43B5-9AF6-CA0FA7FEB2E1}
	EndGlobalSection
EndGlobal
